// !$*UTF8*$!
{
	archiveVersion = 1;
	classes = {
	};
	objectVersion = 56;
	objects = {

/* Begin PBXBuildFile section */
		FC1A1A7E2C7F5C8600058826 /* MainView.swift in Sources */ = {isa = PBXBuildFile; fileRef = FC1A1A7D2C7F5C8600058826 /* MainView.swift */; };
		FC1A1A812C7F5CBB00058826 /* Router.swift in Sources */ = {isa = PBXBuildFile; fileRef = FC1A1A802C7F5CBB00058826 /* Router.swift */; };
		FC1A1A842C7F5EC000058826 /* ProfileScreen.swift in Sources */ = {isa = PBXBuildFile; fileRef = FC1A1A832C7F5EC000058826 /* ProfileScreen.swift */; };
		FC1A1A872C7F5F3D00058826 /* HomeScreen.swift in Sources */ = {isa = PBXBuildFile; fileRef = FC1A1A862C7F5F3D00058826 /* HomeScreen.swift */; };
		FC1A1A8A2C8054CE00058826 /* ProfileAchievementsView.swift in Sources */ = {isa = PBXBuildFile; fileRef = FC1A1A892C8054CE00058826 /* ProfileAchievementsView.swift */; };
		FC1A1A8C2C80676300058826 /* AchievementView.swift in Sources */ = {isa = PBXBuildFile; fileRef = FC1A1A8B2C80676300058826 /* AchievementView.swift */; };
		FC57E7112C64CEC200B4C2C5 /* Fit365LogApp.swift in Sources */ = {isa = PBXBuildFile; fileRef = FC57E7102C64CEC200B4C2C5 /* Fit365LogApp.swift */; };
		FC57E7152C64CEC400B4C2C5 /* Assets.xcassets in Resources */ = {isa = PBXBuildFile; fileRef = FC57E7142C64CEC400B4C2C5 /* Assets.xcassets */; };
		FC57E7182C64CEC400B4C2C5 /* Preview Assets.xcassets in Resources */ = {isa = PBXBuildFile; fileRef = FC57E7172C64CEC400B4C2C5 /* Preview Assets.xcassets */; };
		FC57E71A2C64CEC400B4C2C5 /* Persistence.swift in Sources */ = {isa = PBXBuildFile; fileRef = FC57E7192C64CEC400B4C2C5 /* Persistence.swift */; };
		FC57E71D2C64CEC400B4C2C5 /* Fit365Log.xcdatamodeld in Sources */ = {isa = PBXBuildFile; fileRef = FC57E71B2C64CEC400B4C2C5 /* Fit365Log.xcdatamodeld */; };
		FC57E7292C64D18C00B4C2C5 /* Color+extensions.swift in Sources */ = {isa = PBXBuildFile; fileRef = FC57E7282C64D18C00B4C2C5 /* Color+extensions.swift */; };
		FC57E72B2C64D1F300B4C2C5 /* UIApplication+extension.swift in Sources */ = {isa = PBXBuildFile; fileRef = FC57E72A2C64D1F300B4C2C5 /* UIApplication+extension.swift */; };
		FC57E7322C64D7EC00B4C2C5 /* ProfileLinkButtonView.swift in Sources */ = {isa = PBXBuildFile; fileRef = FC57E7312C64D7EC00B4C2C5 /* ProfileLinkButtonView.swift */; };
		FC57E7342C64DA9B00B4C2C5 /* ProfileResetButtonView.swift in Sources */ = {isa = PBXBuildFile; fileRef = FC57E7332C64DA9B00B4C2C5 /* ProfileResetButtonView.swift */; };
		FC57E7362C64E68B00B4C2C5 /* AlertView.swift in Sources */ = {isa = PBXBuildFile; fileRef = FC57E7352C64E68B00B4C2C5 /* AlertView.swift */; };
		FC57E7392C64F97B00B4C2C5 /* HealthScreen.swift in Sources */ = {isa = PBXBuildFile; fileRef = FC57E7382C64F97B00B4C2C5 /* HealthScreen.swift */; };
		FC57E73C2C64F99D00B4C2C5 /* TrainingScreen.swift in Sources */ = {isa = PBXBuildFile; fileRef = FC57E73B2C64F99D00B4C2C5 /* TrainingScreen.swift */; };
		FC57E7432C66096900B4C2C5 /* CustomVStackModifier.swift in Sources */ = {isa = PBXBuildFile; fileRef = FC57E7422C66096900B4C2C5 /* CustomVStackModifier.swift */; };
		FC57E7462C660A2800B4C2C5 /* HealthCardView.swift in Sources */ = {isa = PBXBuildFile; fileRef = FC57E7452C660A2800B4C2C5 /* HealthCardView.swift */; };
		FC57E7482C6610A100B4C2C5 /* CustomSheet.swift in Sources */ = {isa = PBXBuildFile; fileRef = FC57E7472C6610A100B4C2C5 /* CustomSheet.swift */; };
		FC57E74A2C66156E00B4C2C5 /* TextFieldView.swift in Sources */ = {isa = PBXBuildFile; fileRef = FC57E7492C66156E00B4C2C5 /* TextFieldView.swift */; };
		FC57E74C2C66191F00B4C2C5 /* ButtonView.swift in Sources */ = {isa = PBXBuildFile; fileRef = FC57E74B2C66191F00B4C2C5 /* ButtonView.swift */; };
		FC57E74E2C661A8C00B4C2C5 /* HealthTaskView.swift in Sources */ = {isa = PBXBuildFile; fileRef = FC57E74D2C661A8C00B4C2C5 /* HealthTaskView.swift */; };
		FC57E7502C661B2E00B4C2C5 /* HealthEditView.swift in Sources */ = {isa = PBXBuildFile; fileRef = FC57E74F2C661B2E00B4C2C5 /* HealthEditView.swift */; };
		FC57E7522C661F4500B4C2C5 /* TaskRowView.swift in Sources */ = {isa = PBXBuildFile; fileRef = FC57E7512C661F4500B4C2C5 /* TaskRowView.swift */; };
		FC57E7552C663A1A00B4C2C5 /* TrainingRowView.swift in Sources */ = {isa = PBXBuildFile; fileRef = FC57E7542C663A1A00B4C2C5 /* TrainingRowView.swift */; };
		FC57E7582C69ED2000B4C2C5 /* Task+CoreDataClass.swift in Sources */ = {isa = PBXBuildFile; fileRef = FC57E7562C69ED2000B4C2C5 /* Task+CoreDataClass.swift */; };
		FC57E7592C69ED2000B4C2C5 /* Task+CoreDataProperties.swift in Sources */ = {isa = PBXBuildFile; fileRef = FC57E7572C69ED2000B4C2C5 /* Task+CoreDataProperties.swift */; };
		FC57E75B2C69ED9400B4C2C5 /* HealthViewModel.swift in Sources */ = {isa = PBXBuildFile; fileRef = FC57E75A2C69ED9400B4C2C5 /* HealthViewModel.swift */; };
		FC57E7622C69F5C400B4C2C5 /* HealthData+CoreDataClass.swift in Sources */ = {isa = PBXBuildFile; fileRef = FC57E7602C69F5C400B4C2C5 /* HealthData+CoreDataClass.swift */; };
		FC57E7632C69F5C400B4C2C5 /* HealthData+CoreDataProperties.swift in Sources */ = {isa = PBXBuildFile; fileRef = FC57E7612C69F5C400B4C2C5 /* HealthData+CoreDataProperties.swift */; };
		FC57E7652C6A070C00B4C2C5 /* NewTrainingView.swift in Sources */ = {isa = PBXBuildFile; fileRef = FC57E7642C6A070C00B4C2C5 /* NewTrainingView.swift */; };
		FC57E7672C6A087E00B4C2C5 /* TrainingViewModel.swift in Sources */ = {isa = PBXBuildFile; fileRef = FC57E7662C6A087E00B4C2C5 /* TrainingViewModel.swift */; };
		FC57E77A2C6A0EDB00B4C2C5 /* TimePickerView.swift in Sources */ = {isa = PBXBuildFile; fileRef = FC57E7792C6A0EDB00B4C2C5 /* TimePickerView.swift */; };
		FC57E77D2C6A121F00B4C2C5 /* Trainings+CoreDataClass.swift in Sources */ = {isa = PBXBuildFile; fileRef = FC57E77B2C6A121F00B4C2C5 /* Trainings+CoreDataClass.swift */; };
		FC57E77E2C6A121F00B4C2C5 /* Trainings+CoreDataProperties.swift in Sources */ = {isa = PBXBuildFile; fileRef = FC57E77C2C6A121F00B4C2C5 /* Trainings+CoreDataProperties.swift */; };
		FC57E7802C6A1AB000B4C2C5 /* TimePickerSheet.swift in Sources */ = {isa = PBXBuildFile; fileRef = FC57E77F2C6A1AB000B4C2C5 /* TimePickerSheet.swift */; };
		FC57E7832C6A442F00B4C2C5 /* OnboardingScreen.swift in Sources */ = {isa = PBXBuildFile; fileRef = FC57E7822C6A442F00B4C2C5 /* OnboardingScreen.swift */; };
		FC57E7852C6A444400B4C2C5 /* OnboardingStepView.swift in Sources */ = {isa = PBXBuildFile; fileRef = FC57E7842C6A444400B4C2C5 /* OnboardingStepView.swift */; };
		FC57E7872C6A446000B4C2C5 /* OnboardingTabIndicator.swift in Sources */ = {isa = PBXBuildFile; fileRef = FC57E7862C6A446000B4C2C5 /* OnboardingTabIndicator.swift */; };
		FC57E7892C6A447A00B4C2C5 /* SplashScreen.swift in Sources */ = {isa = PBXBuildFile; fileRef = FC57E7882C6A447A00B4C2C5 /* SplashScreen.swift */; };
		FC78B8EB2C75E16C0044DEAE /* WorkoutService.swift in Sources */ = {isa = PBXBuildFile; fileRef = FC78B8EA2C75E16C0044DEAE /* WorkoutService.swift */; };
		FC78B8ED2C75EF100044DEAE /* Workout.swift in Sources */ = {isa = PBXBuildFile; fileRef = FC78B8EC2C75EF100044DEAE /* Workout.swift */; };
		FC78B8EF2C75EFEB0044DEAE /* WorkoutViewModel.swift in Sources */ = {isa = PBXBuildFile; fileRef = FC78B8EE2C75EFEB0044DEAE /* WorkoutViewModel.swift */; };
		FC78B8F12C75F3390044DEAE /* WorkoutRowView.swift in Sources */ = {isa = PBXBuildFile; fileRef = FC78B8F02C75F3390044DEAE /* WorkoutRowView.swift */; };
		FC78B93A2C771E6C0044DEAE /* AppMetricaAdSupport in Frameworks */ = {isa = PBXBuildFile; productRef = FC78B9392C771E6C0044DEAE /* AppMetricaAdSupport */; };
		FC78B93C2C771E6C0044DEAE /* AppMetricaCore in Frameworks */ = {isa = PBXBuildFile; productRef = FC78B93B2C771E6C0044DEAE /* AppMetricaCore */; };
		FC78B93E2C771E6C0044DEAE /* AppMetricaCrashes in Frameworks */ = {isa = PBXBuildFile; productRef = FC78B93D2C771E6C0044DEAE /* AppMetricaCrashes */; };
		FC78B9402C771E6C0044DEAE /* AppMetricaWebKit in Frameworks */ = {isa = PBXBuildFile; productRef = FC78B93F2C771E6C0044DEAE /* AppMetricaWebKit */; };
		FC78B9422C771E8A0044DEAE /* AppDelegate.swift in Sources */ = {isa = PBXBuildFile; fileRef = FC78B9412C771E8A0044DEAE /* AppDelegate.swift */; };
		FC8E92392C6CA565006F7E03 /* OrientationReader.swift in Sources */ = {isa = PBXBuildFile; fileRef = FC8E92382C6CA565006F7E03 /* OrientationReader.swift */; };
/* End PBXBuildFile section */

/* Begin PBXFileReference section */
		FC1A1A7D2C7F5C8600058826 /* MainView.swift */ = {isa = PBXFileReference; lastKnownFileType = sourcecode.swift; path = MainView.swift; sourceTree = "<group>"; };
		FC1A1A802C7F5CBB00058826 /* Router.swift */ = {isa = PBXFileReference; lastKnownFileType = sourcecode.swift; path = Router.swift; sourceTree = "<group>"; };
		FC1A1A832C7F5EC000058826 /* ProfileScreen.swift */ = {isa = PBXFileReference; lastKnownFileType = sourcecode.swift; path = ProfileScreen.swift; sourceTree = "<group>"; };
		FC1A1A862C7F5F3D00058826 /* HomeScreen.swift */ = {isa = PBXFileReference; lastKnownFileType = sourcecode.swift; path = HomeScreen.swift; sourceTree = "<group>"; };
		FC1A1A892C8054CE00058826 /* ProfileAchievementsView.swift */ = {isa = PBXFileReference; lastKnownFileType = sourcecode.swift; path = ProfileAchievementsView.swift; sourceTree = "<group>"; };
		FC1A1A8B2C80676300058826 /* AchievementView.swift */ = {isa = PBXFileReference; lastKnownFileType = sourcecode.swift; path = AchievementView.swift; sourceTree = "<group>"; };
		FC57E70D2C64CEC200B4C2C5 /* Fit365Log.app */ = {isa = PBXFileReference; explicitFileType = wrapper.application; includeInIndex = 0; path = Fit365Log.app; sourceTree = BUILT_PRODUCTS_DIR; };
		FC57E7102C64CEC200B4C2C5 /* Fit365LogApp.swift */ = {isa = PBXFileReference; lastKnownFileType = sourcecode.swift; path = Fit365LogApp.swift; sourceTree = "<group>"; };
		FC57E7142C64CEC400B4C2C5 /* Assets.xcassets */ = {isa = PBXFileReference; lastKnownFileType = folder.assetcatalog; path = Assets.xcassets; sourceTree = "<group>"; };
		FC57E7172C64CEC400B4C2C5 /* Preview Assets.xcassets */ = {isa = PBXFileReference; lastKnownFileType = folder.assetcatalog; path = "Preview Assets.xcassets"; sourceTree = "<group>"; };
		FC57E7192C64CEC400B4C2C5 /* Persistence.swift */ = {isa = PBXFileReference; lastKnownFileType = sourcecode.swift; path = Persistence.swift; sourceTree = "<group>"; };
		FC57E71C2C64CEC400B4C2C5 /* Fit365Log.xcdatamodel */ = {isa = PBXFileReference; lastKnownFileType = wrapper.xcdatamodel; path = Fit365Log.xcdatamodel; sourceTree = "<group>"; };
		FC57E7282C64D18C00B4C2C5 /* Color+extensions.swift */ = {isa = PBXFileReference; lastKnownFileType = sourcecode.swift; path = "Color+extensions.swift"; sourceTree = "<group>"; };
		FC57E72A2C64D1F300B4C2C5 /* UIApplication+extension.swift */ = {isa = PBXFileReference; lastKnownFileType = sourcecode.swift; path = "UIApplication+extension.swift"; sourceTree = "<group>"; };
		FC57E7312C64D7EC00B4C2C5 /* ProfileLinkButtonView.swift */ = {isa = PBXFileReference; lastKnownFileType = sourcecode.swift; path = ProfileLinkButtonView.swift; sourceTree = "<group>"; };
		FC57E7332C64DA9B00B4C2C5 /* ProfileResetButtonView.swift */ = {isa = PBXFileReference; lastKnownFileType = sourcecode.swift; path = ProfileResetButtonView.swift; sourceTree = "<group>"; };
		FC57E7352C64E68B00B4C2C5 /* AlertView.swift */ = {isa = PBXFileReference; lastKnownFileType = sourcecode.swift; path = AlertView.swift; sourceTree = "<group>"; };
		FC57E7382C64F97B00B4C2C5 /* HealthScreen.swift */ = {isa = PBXFileReference; lastKnownFileType = sourcecode.swift; path = HealthScreen.swift; sourceTree = "<group>"; };
		FC57E73B2C64F99D00B4C2C5 /* TrainingScreen.swift */ = {isa = PBXFileReference; lastKnownFileType = sourcecode.swift; path = TrainingScreen.swift; sourceTree = "<group>"; };
		FC57E7422C66096900B4C2C5 /* CustomVStackModifier.swift */ = {isa = PBXFileReference; lastKnownFileType = sourcecode.swift; path = CustomVStackModifier.swift; sourceTree = "<group>"; };
		FC57E7452C660A2800B4C2C5 /* HealthCardView.swift */ = {isa = PBXFileReference; lastKnownFileType = sourcecode.swift; path = HealthCardView.swift; sourceTree = "<group>"; };
		FC57E7472C6610A100B4C2C5 /* CustomSheet.swift */ = {isa = PBXFileReference; lastKnownFileType = sourcecode.swift; path = CustomSheet.swift; sourceTree = "<group>"; };
		FC57E7492C66156E00B4C2C5 /* TextFieldView.swift */ = {isa = PBXFileReference; lastKnownFileType = sourcecode.swift; path = TextFieldView.swift; sourceTree = "<group>"; };
		FC57E74B2C66191F00B4C2C5 /* ButtonView.swift */ = {isa = PBXFileReference; lastKnownFileType = sourcecode.swift; path = ButtonView.swift; sourceTree = "<group>"; };
		FC57E74D2C661A8C00B4C2C5 /* HealthTaskView.swift */ = {isa = PBXFileReference; lastKnownFileType = sourcecode.swift; path = HealthTaskView.swift; sourceTree = "<group>"; };
		FC57E74F2C661B2E00B4C2C5 /* HealthEditView.swift */ = {isa = PBXFileReference; lastKnownFileType = sourcecode.swift; path = HealthEditView.swift; sourceTree = "<group>"; };
		FC57E7512C661F4500B4C2C5 /* TaskRowView.swift */ = {isa = PBXFileReference; lastKnownFileType = sourcecode.swift; path = TaskRowView.swift; sourceTree = "<group>"; };
		FC57E7542C663A1A00B4C2C5 /* TrainingRowView.swift */ = {isa = PBXFileReference; lastKnownFileType = sourcecode.swift; path = TrainingRowView.swift; sourceTree = "<group>"; };
		FC57E7562C69ED2000B4C2C5 /* Task+CoreDataClass.swift */ = {isa = PBXFileReference; lastKnownFileType = sourcecode.swift; path = "Task+CoreDataClass.swift"; sourceTree = "<group>"; };
		FC57E7572C69ED2000B4C2C5 /* Task+CoreDataProperties.swift */ = {isa = PBXFileReference; lastKnownFileType = sourcecode.swift; path = "Task+CoreDataProperties.swift"; sourceTree = "<group>"; };
		FC57E75A2C69ED9400B4C2C5 /* HealthViewModel.swift */ = {isa = PBXFileReference; lastKnownFileType = sourcecode.swift; path = HealthViewModel.swift; sourceTree = "<group>"; };
		FC57E7602C69F5C400B4C2C5 /* HealthData+CoreDataClass.swift */ = {isa = PBXFileReference; lastKnownFileType = sourcecode.swift; path = "HealthData+CoreDataClass.swift"; sourceTree = "<group>"; };
		FC57E7612C69F5C400B4C2C5 /* HealthData+CoreDataProperties.swift */ = {isa = PBXFileReference; lastKnownFileType = sourcecode.swift; path = "HealthData+CoreDataProperties.swift"; sourceTree = "<group>"; };
		FC57E7642C6A070C00B4C2C5 /* NewTrainingView.swift */ = {isa = PBXFileReference; lastKnownFileType = sourcecode.swift; path = NewTrainingView.swift; sourceTree = "<group>"; };
		FC57E7662C6A087E00B4C2C5 /* TrainingViewModel.swift */ = {isa = PBXFileReference; lastKnownFileType = sourcecode.swift; path = TrainingViewModel.swift; sourceTree = "<group>"; };
		FC57E7792C6A0EDB00B4C2C5 /* TimePickerView.swift */ = {isa = PBXFileReference; lastKnownFileType = sourcecode.swift; path = TimePickerView.swift; sourceTree = "<group>"; };
		FC57E77B2C6A121F00B4C2C5 /* Trainings+CoreDataClass.swift */ = {isa = PBXFileReference; lastKnownFileType = sourcecode.swift; path = "Trainings+CoreDataClass.swift"; sourceTree = "<group>"; };
		FC57E77C2C6A121F00B4C2C5 /* Trainings+CoreDataProperties.swift */ = {isa = PBXFileReference; lastKnownFileType = sourcecode.swift; path = "Trainings+CoreDataProperties.swift"; sourceTree = "<group>"; };
		FC57E77F2C6A1AB000B4C2C5 /* TimePickerSheet.swift */ = {isa = PBXFileReference; lastKnownFileType = sourcecode.swift; path = TimePickerSheet.swift; sourceTree = "<group>"; };
		FC57E7822C6A442F00B4C2C5 /* OnboardingScreen.swift */ = {isa = PBXFileReference; lastKnownFileType = sourcecode.swift; path = OnboardingScreen.swift; sourceTree = "<group>"; };
		FC57E7842C6A444400B4C2C5 /* OnboardingStepView.swift */ = {isa = PBXFileReference; lastKnownFileType = sourcecode.swift; path = OnboardingStepView.swift; sourceTree = "<group>"; };
		FC57E7862C6A446000B4C2C5 /* OnboardingTabIndicator.swift */ = {isa = PBXFileReference; lastKnownFileType = sourcecode.swift; path = OnboardingTabIndicator.swift; sourceTree = "<group>"; };
		FC57E7882C6A447A00B4C2C5 /* SplashScreen.swift */ = {isa = PBXFileReference; lastKnownFileType = sourcecode.swift; path = SplashScreen.swift; sourceTree = "<group>"; };
		FC78B8EA2C75E16C0044DEAE /* WorkoutService.swift */ = {isa = PBXFileReference; lastKnownFileType = sourcecode.swift; path = WorkoutService.swift; sourceTree = "<group>"; };
		FC78B8EC2C75EF100044DEAE /* Workout.swift */ = {isa = PBXFileReference; lastKnownFileType = sourcecode.swift; path = Workout.swift; sourceTree = "<group>"; };
		FC78B8EE2C75EFEB0044DEAE /* WorkoutViewModel.swift */ = {isa = PBXFileReference; lastKnownFileType = sourcecode.swift; path = WorkoutViewModel.swift; sourceTree = "<group>"; };
		FC78B8F02C75F3390044DEAE /* WorkoutRowView.swift */ = {isa = PBXFileReference; lastKnownFileType = sourcecode.swift; path = WorkoutRowView.swift; sourceTree = "<group>"; };
		FC78B9412C771E8A0044DEAE /* AppDelegate.swift */ = {isa = PBXFileReference; lastKnownFileType = sourcecode.swift; path = AppDelegate.swift; sourceTree = "<group>"; };
		FC8E92382C6CA565006F7E03 /* OrientationReader.swift */ = {isa = PBXFileReference; lastKnownFileType = sourcecode.swift; path = OrientationReader.swift; sourceTree = "<group>"; };
/* End PBXFileReference section */

/* Begin PBXFrameworksBuildPhase section */
		FC57E70A2C64CEC200B4C2C5 /* Frameworks */ = {
			isa = PBXFrameworksBuildPhase;
			buildActionMask = 2147483647;
			files = (
				FC78B9402C771E6C0044DEAE /* AppMetricaWebKit in Frameworks */,
				FC78B93E2C771E6C0044DEAE /* AppMetricaCrashes in Frameworks */,
				FC78B93A2C771E6C0044DEAE /* AppMetricaAdSupport in Frameworks */,
				FC78B93C2C771E6C0044DEAE /* AppMetricaCore in Frameworks */,
			);
			runOnlyForDeploymentPostprocessing = 0;
		};
/* End PBXFrameworksBuildPhase section */

/* Begin PBXGroup section */
		FC1A1A7F2C7F5C9700058826 /* Utilities */ = {
			isa = PBXGroup;
			children = (
				FC1A1A802C7F5CBB00058826 /* Router.swift */,
			);
			path = Utilities;
			sourceTree = "<group>";
		};
		FC1A1A822C7F5EA900058826 /* ProfileScreen */ = {
			isa = PBXGroup;
			children = (
				FC1A1A832C7F5EC000058826 /* ProfileScreen.swift */,
				FC1A1A882C7F6FE300058826 /* View */,
			);
			path = ProfileScreen;
			sourceTree = "<group>";
		};
		FC1A1A852C7F5F3100058826 /* HomeScreen */ = {
			isa = PBXGroup;
			children = (
				FC1A1A862C7F5F3D00058826 /* HomeScreen.swift */,
			);
			path = HomeScreen;
			sourceTree = "<group>";
		};
		FC1A1A882C7F6FE300058826 /* View */ = {
			isa = PBXGroup;
			children = (
				FC57E7312C64D7EC00B4C2C5 /* ProfileLinkButtonView.swift */,
				FC57E7332C64DA9B00B4C2C5 /* ProfileResetButtonView.swift */,
				FC1A1A892C8054CE00058826 /* ProfileAchievementsView.swift */,
			);
			path = View;
			sourceTree = "<group>";
		};
		FC57E7042C64CEC200B4C2C5 = {
			isa = PBXGroup;
			children = (
				FC57E70F2C64CEC200B4C2C5 /* Fit365Log */,
				FC57E70E2C64CEC200B4C2C5 /* Products */,
				FC78B8FF2C761BBE0044DEAE /* Frameworks */,
			);
			sourceTree = "<group>";
		};
		FC57E70E2C64CEC200B4C2C5 /* Products */ = {
			isa = PBXGroup;
			children = (
				FC57E70D2C64CEC200B4C2C5 /* Fit365Log.app */,
			);
			name = Products;
			sourceTree = "<group>";
		};
		FC57E70F2C64CEC200B4C2C5 /* Fit365Log */ = {
			isa = PBXGroup;
			children = (
				FC57E7262C64CFB900B4C2C5 /* Core */,
				FC57E7242C64CF6400B4C2C5 /* Screens */,
				FC57E7272C64CFF500B4C2C5 /* Components */,
				FC57E7442C6609B600B4C2C5 /* Modifiers */,
				FC57E7232C64CF5800B4C2C5 /* DataManager */,
				FC57E7252C64CF6A00B4C2C5 /* Extensions */,
				FC1A1A7F2C7F5C9700058826 /* Utilities */,
				FC57E7162C64CEC400B4C2C5 /* Preview Content */,
			);
			path = Fit365Log;
			sourceTree = "<group>";
		};
		FC57E7162C64CEC400B4C2C5 /* Preview Content */ = {
			isa = PBXGroup;
			children = (
				FC57E7172C64CEC400B4C2C5 /* Preview Assets.xcassets */,
			);
			path = "Preview Content";
			sourceTree = "<group>";
		};
		FC57E7232C64CF5800B4C2C5 /* DataManager */ = {
			isa = PBXGroup;
			children = (
				FC8E92372C6B5E24006F7E03 /* subclasses */,
				FC57E7192C64CEC400B4C2C5 /* Persistence.swift */,
				FC57E71B2C64CEC400B4C2C5 /* Fit365Log.xcdatamodeld */,
				FC78B8EA2C75E16C0044DEAE /* WorkoutService.swift */,
				FC78B8EC2C75EF100044DEAE /* Workout.swift */,
			);
			path = DataManager;
			sourceTree = "<group>";
		};
		FC57E7242C64CF6400B4C2C5 /* Screens */ = {
			isa = PBXGroup;
			children = (
				FC1A1A7D2C7F5C8600058826 /* MainView.swift */,
				FC57E7812C6A43F600B4C2C5 /* Onboarding&Splash */,
				FC1A1A852C7F5F3100058826 /* HomeScreen */,
				FC57E7372C64F96600B4C2C5 /* HealthScreen */,
				FC57E73A2C64F99000B4C2C5 /* TrainingScreen */,
				FC1A1A822C7F5EA900058826 /* ProfileScreen */,
			);
			path = Screens;
			sourceTree = "<group>";
		};
		FC57E7252C64CF6A00B4C2C5 /* Extensions */ = {
			isa = PBXGroup;
			children = (
				FC57E7282C64D18C00B4C2C5 /* Color+extensions.swift */,
				FC57E72A2C64D1F300B4C2C5 /* UIApplication+extension.swift */,
			);
			path = Extensions;
			sourceTree = "<group>";
		};
		FC57E7262C64CFB900B4C2C5 /* Core */ = {
			isa = PBXGroup;
			children = (
				FC57E7142C64CEC400B4C2C5 /* Assets.xcassets */,
				FC57E7102C64CEC200B4C2C5 /* Fit365LogApp.swift */,
				FC78B9412C771E8A0044DEAE /* AppDelegate.swift */,
			);
			path = Core;
			sourceTree = "<group>";
		};
		FC57E7272C64CFF500B4C2C5 /* Components */ = {
			isa = PBXGroup;
			children = (
				FC57E7352C64E68B00B4C2C5 /* AlertView.swift */,
				FC57E7472C6610A100B4C2C5 /* CustomSheet.swift */,
				FC57E7492C66156E00B4C2C5 /* TextFieldView.swift */,
				FC57E74B2C66191F00B4C2C5 /* ButtonView.swift */,
				FC1A1A8B2C80676300058826 /* AchievementView.swift */,
			);
			path = Components;
			sourceTree = "<group>";
		};
		FC57E7372C64F96600B4C2C5 /* HealthScreen */ = {
			isa = PBXGroup;
			children = (
				FC57E7382C64F97B00B4C2C5 /* HealthScreen.swift */,
				FC57E75A2C69ED9400B4C2C5 /* HealthViewModel.swift */,
				FC57E73D2C6601A800B4C2C5 /* View */,
			);
			path = HealthScreen;
			sourceTree = "<group>";
		};
		FC57E73A2C64F99000B4C2C5 /* TrainingScreen */ = {
			isa = PBXGroup;
			children = (
				FC57E73B2C64F99D00B4C2C5 /* TrainingScreen.swift */,
				FC57E7662C6A087E00B4C2C5 /* TrainingViewModel.swift */,
				FC78B8EE2C75EFEB0044DEAE /* WorkoutViewModel.swift */,
				FC57E7532C66375100B4C2C5 /* View */,
			);
			path = TrainingScreen;
			sourceTree = "<group>";
		};
		FC57E73D2C6601A800B4C2C5 /* View */ = {
			isa = PBXGroup;
			children = (
				FC57E7452C660A2800B4C2C5 /* HealthCardView.swift */,
				FC57E74D2C661A8C00B4C2C5 /* HealthTaskView.swift */,
				FC57E74F2C661B2E00B4C2C5 /* HealthEditView.swift */,
				FC57E7512C661F4500B4C2C5 /* TaskRowView.swift */,
			);
			path = View;
			sourceTree = "<group>";
		};
		FC57E7442C6609B600B4C2C5 /* Modifiers */ = {
			isa = PBXGroup;
			children = (
				FC57E7422C66096900B4C2C5 /* CustomVStackModifier.swift */,
				FC8E92382C6CA565006F7E03 /* OrientationReader.swift */,
			);
			path = Modifiers;
			sourceTree = "<group>";
		};
		FC57E7532C66375100B4C2C5 /* View */ = {
			isa = PBXGroup;
			children = (
				FC57E7542C663A1A00B4C2C5 /* TrainingRowView.swift */,
				FC57E7642C6A070C00B4C2C5 /* NewTrainingView.swift */,
				FC57E7792C6A0EDB00B4C2C5 /* TimePickerView.swift */,
				FC57E77F2C6A1AB000B4C2C5 /* TimePickerSheet.swift */,
				FC78B8F02C75F3390044DEAE /* WorkoutRowView.swift */,
			);
			path = View;
			sourceTree = "<group>";
		};
		FC57E7812C6A43F600B4C2C5 /* Onboarding&Splash */ = {
			isa = PBXGroup;
			children = (
				FC57E7822C6A442F00B4C2C5 /* OnboardingScreen.swift */,
				FC57E7842C6A444400B4C2C5 /* OnboardingStepView.swift */,
				FC57E7862C6A446000B4C2C5 /* OnboardingTabIndicator.swift */,
				FC57E7882C6A447A00B4C2C5 /* SplashScreen.swift */,
			);
			path = "Onboarding&Splash";
			sourceTree = "<group>";
		};
		FC78B8FF2C761BBE0044DEAE /* Frameworks */ = {
			isa = PBXGroup;
			children = (
			);
			name = Frameworks;
			sourceTree = "<group>";
		};
		FC8E92372C6B5E24006F7E03 /* subclasses */ = {
			isa = PBXGroup;
			children = (
				FC57E77B2C6A121F00B4C2C5 /* Trainings+CoreDataClass.swift */,
				FC57E77C2C6A121F00B4C2C5 /* Trainings+CoreDataProperties.swift */,
				FC57E7602C69F5C400B4C2C5 /* HealthData+CoreDataClass.swift */,
				FC57E7612C69F5C400B4C2C5 /* HealthData+CoreDataProperties.swift */,
				FC57E7562C69ED2000B4C2C5 /* Task+CoreDataClass.swift */,
				FC57E7572C69ED2000B4C2C5 /* Task+CoreDataProperties.swift */,
			);
			path = subclasses;
			sourceTree = "<group>";
		};
/* End PBXGroup section */

/* Begin PBXNativeTarget section */
		FC57E70C2C64CEC200B4C2C5 /* Fit365Log */ = {
			isa = PBXNativeTarget;
			buildConfigurationList = FC57E7202C64CEC400B4C2C5 /* Build configuration list for PBXNativeTarget "Fit365Log" */;
			buildPhases = (
				FC57E7092C64CEC200B4C2C5 /* Sources */,
				FC57E70A2C64CEC200B4C2C5 /* Frameworks */,
				FC57E70B2C64CEC200B4C2C5 /* Resources */,
			);
			buildRules = (
			);
			dependencies = (
			);
			name = Fit365Log;
			packageProductDependencies = (
				FC78B9392C771E6C0044DEAE /* AppMetricaAdSupport */,
				FC78B93B2C771E6C0044DEAE /* AppMetricaCore */,
				FC78B93D2C771E6C0044DEAE /* AppMetricaCrashes */,
				FC78B93F2C771E6C0044DEAE /* AppMetricaWebKit */,
			);
			productName = Fit365Log;
			productReference = FC57E70D2C64CEC200B4C2C5 /* Fit365Log.app */;
			productType = "com.apple.product-type.application";
		};
/* End PBXNativeTarget section */

/* Begin PBXProject section */
		FC57E7052C64CEC200B4C2C5 /* Project object */ = {
			isa = PBXProject;
			attributes = {
				BuildIndependentTargetsInParallel = 1;
				LastSwiftUpdateCheck = 1520;
				LastUpgradeCheck = 1520;
				TargetAttributes = {
					FC57E70C2C64CEC200B4C2C5 = {
						CreatedOnToolsVersion = 15.2;
					};
				};
			};
			buildConfigurationList = FC57E7082C64CEC200B4C2C5 /* Build configuration list for PBXProject "Fit365Log" */;
			compatibilityVersion = "Xcode 14.0";
			developmentRegion = en;
			hasScannedForEncodings = 0;
			knownRegions = (
				en,
				Base,
			);
			mainGroup = FC57E7042C64CEC200B4C2C5;
			packageReferences = (
				FC78B9382C771E6C0044DEAE /* XCRemoteSwiftPackageReference "appmetrica-sdk-ios" */,
			);
			productRefGroup = FC57E70E2C64CEC200B4C2C5 /* Products */;
			projectDirPath = "";
			projectRoot = "";
			targets = (
				FC57E70C2C64CEC200B4C2C5 /* Fit365Log */,
			);
		};
/* End PBXProject section */

/* Begin PBXResourcesBuildPhase section */
		FC57E70B2C64CEC200B4C2C5 /* Resources */ = {
			isa = PBXResourcesBuildPhase;
			buildActionMask = 2147483647;
			files = (
				FC57E7182C64CEC400B4C2C5 /* Preview Assets.xcassets in Resources */,
				FC57E7152C64CEC400B4C2C5 /* Assets.xcassets in Resources */,
			);
			runOnlyForDeploymentPostprocessing = 0;
		};
/* End PBXResourcesBuildPhase section */

/* Begin PBXSourcesBuildPhase section */
		FC57E7092C64CEC200B4C2C5 /* Sources */ = {
			isa = PBXSourcesBuildPhase;
			buildActionMask = 2147483647;
			files = (
				FC78B9422C771E8A0044DEAE /* AppDelegate.swift in Sources */,
				FC57E72B2C64D1F300B4C2C5 /* UIApplication+extension.swift in Sources */,
				FC1A1A8A2C8054CE00058826 /* ProfileAchievementsView.swift in Sources */,
				FC57E7552C663A1A00B4C2C5 /* TrainingRowView.swift in Sources */,
				FC78B8ED2C75EF100044DEAE /* Workout.swift in Sources */,
				FC57E7672C6A087E00B4C2C5 /* TrainingViewModel.swift in Sources */,
				FC1A1A8C2C80676300058826 /* AchievementView.swift in Sources */,
				FC57E77E2C6A121F00B4C2C5 /* Trainings+CoreDataProperties.swift in Sources */,
				FC57E7342C64DA9B00B4C2C5 /* ProfileResetButtonView.swift in Sources */,
				FC57E7522C661F4500B4C2C5 /* TaskRowView.swift in Sources */,
				FC57E71A2C64CEC400B4C2C5 /* Persistence.swift in Sources */,
				FC57E7432C66096900B4C2C5 /* CustomVStackModifier.swift in Sources */,
				FC57E7852C6A444400B4C2C5 /* OnboardingStepView.swift in Sources */,
				FC57E7652C6A070C00B4C2C5 /* NewTrainingView.swift in Sources */,
				FC57E7832C6A442F00B4C2C5 /* OnboardingScreen.swift in Sources */,
				FC57E71D2C64CEC400B4C2C5 /* Fit365Log.xcdatamodeld in Sources */,
				FC57E7502C661B2E00B4C2C5 /* HealthEditView.swift in Sources */,
				FC1A1A812C7F5CBB00058826 /* Router.swift in Sources */,
				FC57E7802C6A1AB000B4C2C5 /* TimePickerSheet.swift in Sources */,
				FC57E77D2C6A121F00B4C2C5 /* Trainings+CoreDataClass.swift in Sources */,
				FC78B8F12C75F3390044DEAE /* WorkoutRowView.swift in Sources */,
				FC1A1A872C7F5F3D00058826 /* HomeScreen.swift in Sources */,
				FC57E7482C6610A100B4C2C5 /* CustomSheet.swift in Sources */,
				FC57E75B2C69ED9400B4C2C5 /* HealthViewModel.swift in Sources */,
				FC57E7582C69ED2000B4C2C5 /* Task+CoreDataClass.swift in Sources */,
				FC8E92392C6CA565006F7E03 /* OrientationReader.swift in Sources */,
				FC57E7632C69F5C400B4C2C5 /* HealthData+CoreDataProperties.swift in Sources */,
				FC57E74A2C66156E00B4C2C5 /* TextFieldView.swift in Sources */,
				FC57E7592C69ED2000B4C2C5 /* Task+CoreDataProperties.swift in Sources */,
				FC1A1A7E2C7F5C8600058826 /* MainView.swift in Sources */,
				FC57E7362C64E68B00B4C2C5 /* AlertView.swift in Sources */,
				FC57E7392C64F97B00B4C2C5 /* HealthScreen.swift in Sources */,
				FC78B8EF2C75EFEB0044DEAE /* WorkoutViewModel.swift in Sources */,
				FC57E74E2C661A8C00B4C2C5 /* HealthTaskView.swift in Sources */,
				FC57E7622C69F5C400B4C2C5 /* HealthData+CoreDataClass.swift in Sources */,
				FC57E7462C660A2800B4C2C5 /* HealthCardView.swift in Sources */,
				FC57E73C2C64F99D00B4C2C5 /* TrainingScreen.swift in Sources */,
				FC78B8EB2C75E16C0044DEAE /* WorkoutService.swift in Sources */,
				FC57E7292C64D18C00B4C2C5 /* Color+extensions.swift in Sources */,
				FC57E74C2C66191F00B4C2C5 /* ButtonView.swift in Sources */,
				FC57E7112C64CEC200B4C2C5 /* Fit365LogApp.swift in Sources */,
				FC57E7892C6A447A00B4C2C5 /* SplashScreen.swift in Sources */,
				FC1A1A842C7F5EC000058826 /* ProfileScreen.swift in Sources */,
				FC57E77A2C6A0EDB00B4C2C5 /* TimePickerView.swift in Sources */,
				FC57E7872C6A446000B4C2C5 /* OnboardingTabIndicator.swift in Sources */,
				FC57E7322C64D7EC00B4C2C5 /* ProfileLinkButtonView.swift in Sources */,
			);
			runOnlyForDeploymentPostprocessing = 0;
		};
/* End PBXSourcesBuildPhase section */

/* Begin XCBuildConfiguration section */
		FC57E71E2C64CEC400B4C2C5 /* Debug */ = {
			isa = XCBuildConfiguration;
			buildSettings = {
				ALWAYS_SEARCH_USER_PATHS = NO;
				ASSETCATALOG_COMPILER_GENERATE_SWIFT_ASSET_SYMBOL_EXTENSIONS = YES;
				CLANG_ANALYZER_NONNULL = YES;
				CLANG_ANALYZER_NUMBER_OBJECT_CONVERSION = YES_AGGRESSIVE;
				CLANG_CXX_LANGUAGE_STANDARD = "gnu++20";
				CLANG_ENABLE_MODULES = YES;
				CLANG_ENABLE_OBJC_ARC = YES;
				CLANG_ENABLE_OBJC_WEAK = YES;
				CLANG_WARN_BLOCK_CAPTURE_AUTORELEASING = YES;
				CLANG_WARN_BOOL_CONVERSION = YES;
				CLANG_WARN_COMMA = YES;
				CLANG_WARN_CONSTANT_CONVERSION = YES;
				CLANG_WARN_DEPRECATED_OBJC_IMPLEMENTATIONS = YES;
				CLANG_WARN_DIRECT_OBJC_ISA_USAGE = YES_ERROR;
				CLANG_WARN_DOCUMENTATION_COMMENTS = YES;
				CLANG_WARN_EMPTY_BODY = YES;
				CLANG_WARN_ENUM_CONVERSION = YES;
				CLANG_WARN_INFINITE_RECURSION = YES;
				CLANG_WARN_INT_CONVERSION = YES;
				CLANG_WARN_NON_LITERAL_NULL_CONVERSION = YES;
				CLANG_WARN_OBJC_IMPLICIT_RETAIN_SELF = YES;
				CLANG_WARN_OBJC_LITERAL_CONVERSION = YES;
				CLANG_WARN_OBJC_ROOT_CLASS = YES_ERROR;
				CLANG_WARN_QUOTED_INCLUDE_IN_FRAMEWORK_HEADER = YES;
				CLANG_WARN_RANGE_LOOP_ANALYSIS = YES;
				CLANG_WARN_STRICT_PROTOTYPES = YES;
				CLANG_WARN_SUSPICIOUS_MOVE = YES;
				CLANG_WARN_UNGUARDED_AVAILABILITY = YES_AGGRESSIVE;
				CLANG_WARN_UNREACHABLE_CODE = YES;
				CLANG_WARN__DUPLICATE_METHOD_MATCH = YES;
				COPY_PHASE_STRIP = NO;
				DEBUG_INFORMATION_FORMAT = dwarf;
				ENABLE_STRICT_OBJC_MSGSEND = YES;
				ENABLE_TESTABILITY = YES;
				ENABLE_USER_SCRIPT_SANDBOXING = YES;
				GCC_C_LANGUAGE_STANDARD = gnu17;
				GCC_DYNAMIC_NO_PIC = NO;
				GCC_NO_COMMON_BLOCKS = YES;
				GCC_OPTIMIZATION_LEVEL = 0;
				GCC_PREPROCESSOR_DEFINITIONS = (
					"DEBUG=1",
					"$(inherited)",
				);
				GCC_WARN_64_TO_32_BIT_CONVERSION = YES;
				GCC_WARN_ABOUT_RETURN_TYPE = YES_ERROR;
				GCC_WARN_UNDECLARED_SELECTOR = YES;
				GCC_WARN_UNINITIALIZED_AUTOS = YES_AGGRESSIVE;
				GCC_WARN_UNUSED_FUNCTION = YES;
				GCC_WARN_UNUSED_VARIABLE = YES;
				IPHONEOS_DEPLOYMENT_TARGET = 17.2;
				LOCALIZATION_PREFERS_STRING_CATALOGS = YES;
				MTL_ENABLE_DEBUG_INFO = INCLUDE_SOURCE;
				MTL_FAST_MATH = YES;
				ONLY_ACTIVE_ARCH = YES;
				SDKROOT = iphoneos;
				SWIFT_ACTIVE_COMPILATION_CONDITIONS = "DEBUG $(inherited)";
				SWIFT_OPTIMIZATION_LEVEL = "-Onone";
			};
			name = Debug;
		};
		FC57E71F2C64CEC400B4C2C5 /* Release */ = {
			isa = XCBuildConfiguration;
			buildSettings = {
				ALWAYS_SEARCH_USER_PATHS = NO;
				ASSETCATALOG_COMPILER_GENERATE_SWIFT_ASSET_SYMBOL_EXTENSIONS = YES;
				CLANG_ANALYZER_NONNULL = YES;
				CLANG_ANALYZER_NUMBER_OBJECT_CONVERSION = YES_AGGRESSIVE;
				CLANG_CXX_LANGUAGE_STANDARD = "gnu++20";
				CLANG_ENABLE_MODULES = YES;
				CLANG_ENABLE_OBJC_ARC = YES;
				CLANG_ENABLE_OBJC_WEAK = YES;
				CLANG_WARN_BLOCK_CAPTURE_AUTORELEASING = YES;
				CLANG_WARN_BOOL_CONVERSION = YES;
				CLANG_WARN_COMMA = YES;
				CLANG_WARN_CONSTANT_CONVERSION = YES;
				CLANG_WARN_DEPRECATED_OBJC_IMPLEMENTATIONS = YES;
				CLANG_WARN_DIRECT_OBJC_ISA_USAGE = YES_ERROR;
				CLANG_WARN_DOCUMENTATION_COMMENTS = YES;
				CLANG_WARN_EMPTY_BODY = YES;
				CLANG_WARN_ENUM_CONVERSION = YES;
				CLANG_WARN_INFINITE_RECURSION = YES;
				CLANG_WARN_INT_CONVERSION = YES;
				CLANG_WARN_NON_LITERAL_NULL_CONVERSION = YES;
				CLANG_WARN_OBJC_IMPLICIT_RETAIN_SELF = YES;
				CLANG_WARN_OBJC_LITERAL_CONVERSION = YES;
				CLANG_WARN_OBJC_ROOT_CLASS = YES_ERROR;
				CLANG_WARN_QUOTED_INCLUDE_IN_FRAMEWORK_HEADER = YES;
				CLANG_WARN_RANGE_LOOP_ANALYSIS = YES;
				CLANG_WARN_STRICT_PROTOTYPES = YES;
				CLANG_WARN_SUSPICIOUS_MOVE = YES;
				CLANG_WARN_UNGUARDED_AVAILABILITY = YES_AGGRESSIVE;
				CLANG_WARN_UNREACHABLE_CODE = YES;
				CLANG_WARN__DUPLICATE_METHOD_MATCH = YES;
				COPY_PHASE_STRIP = NO;
				DEBUG_INFORMATION_FORMAT = "dwarf-with-dsym";
				ENABLE_NS_ASSERTIONS = NO;
				ENABLE_STRICT_OBJC_MSGSEND = YES;
				ENABLE_USER_SCRIPT_SANDBOXING = YES;
				GCC_C_LANGUAGE_STANDARD = gnu17;
				GCC_NO_COMMON_BLOCKS = YES;
				GCC_WARN_64_TO_32_BIT_CONVERSION = YES;
				GCC_WARN_ABOUT_RETURN_TYPE = YES_ERROR;
				GCC_WARN_UNDECLARED_SELECTOR = YES;
				GCC_WARN_UNINITIALIZED_AUTOS = YES_AGGRESSIVE;
				GCC_WARN_UNUSED_FUNCTION = YES;
				GCC_WARN_UNUSED_VARIABLE = YES;
				IPHONEOS_DEPLOYMENT_TARGET = 17.2;
				LOCALIZATION_PREFERS_STRING_CATALOGS = YES;
				MTL_ENABLE_DEBUG_INFO = NO;
				MTL_FAST_MATH = YES;
				SDKROOT = iphoneos;
				SWIFT_COMPILATION_MODE = wholemodule;
				VALIDATE_PRODUCT = YES;
			};
			name = Release;
		};
		FC57E7212C64CEC400B4C2C5 /* Debug */ = {
			isa = XCBuildConfiguration;
			buildSettings = {
				ASSETCATALOG_COMPILER_APPICON_NAME = AppIcon;
				ASSETCATALOG_COMPILER_GLOBAL_ACCENT_COLOR_NAME = AccentColor;
				CODE_SIGN_STYLE = Automatic;
				CURRENT_PROJECT_VERSION = 1;
				DEVELOPMENT_ASSET_PATHS = "\"Fit365Log/Preview Content\"";
				DEVELOPMENT_TEAM = CTY44DYVYJ;
				ENABLE_PREVIEWS = YES;
				GENERATE_INFOPLIST_FILE = YES;
				INFOPLIST_KEY_CFBundleDisplayName = "36.5 degree: Workouts";
				INFOPLIST_KEY_UIApplicationSceneManifest_Generation = YES;
				INFOPLIST_KEY_UIApplicationSupportsIndirectInputEvents = YES;
				INFOPLIST_KEY_UILaunchScreen_Generation = YES;
				INFOPLIST_KEY_UISupportedInterfaceOrientations_iPad = "UIInterfaceOrientationPortrait UIInterfaceOrientationPortraitUpsideDown UIInterfaceOrientationLandscapeLeft UIInterfaceOrientationLandscapeRight";
				INFOPLIST_KEY_UISupportedInterfaceOrientations_iPhone = "UIInterfaceOrientationPortrait UIInterfaceOrientationLandscapeLeft UIInterfaceOrientationLandscapeRight";
				IPHONEOS_DEPLOYMENT_TARGET = 14.0;
				LD_RUNPATH_SEARCH_PATHS = (
					"$(inherited)",
					"@executable_path/Frameworks",
				);
				MARKETING_VERSION = 1.0;
				PRODUCT_BUNDLE_IDENTIFIER = blessthedevil.Fit365Log;
				PRODUCT_NAME = "$(TARGET_NAME)";
				SUPPORTED_PLATFORMS = "iphoneos iphonesimulator";
				SUPPORTS_MACCATALYST = NO;
				SUPPORTS_MAC_DESIGNED_FOR_IPHONE_IPAD = NO;
				SUPPORTS_XR_DESIGNED_FOR_IPHONE_IPAD = NO;
				SWIFT_EMIT_LOC_STRINGS = YES;
				SWIFT_VERSION = 5.0;
				TARGETED_DEVICE_FAMILY = "1,2";
			};
			name = Debug;
		};
		FC57E7222C64CEC400B4C2C5 /* Release */ = {
			isa = XCBuildConfiguration;
			buildSettings = {
				ASSETCATALOG_COMPILER_APPICON_NAME = AppIcon;
				ASSETCATALOG_COMPILER_GLOBAL_ACCENT_COLOR_NAME = AccentColor;
				CODE_SIGN_STYLE = Automatic;
				CURRENT_PROJECT_VERSION = 1;
				DEVELOPMENT_ASSET_PATHS = "\"Fit365Log/Preview Content\"";
				DEVELOPMENT_TEAM = CTY44DYVYJ;
				ENABLE_PREVIEWS = YES;
				GENERATE_INFOPLIST_FILE = YES;
				INFOPLIST_KEY_CFBundleDisplayName = "36.5 degree: Workouts";
				INFOPLIST_KEY_UIApplicationSceneManifest_Generation = YES;
				INFOPLIST_KEY_UIApplicationSupportsIndirectInputEvents = YES;
				INFOPLIST_KEY_UILaunchScreen_Generation = YES;
				INFOPLIST_KEY_UISupportedInterfaceOrientations_iPad = "UIInterfaceOrientationPortrait UIInterfaceOrientationPortraitUpsideDown UIInterfaceOrientationLandscapeLeft UIInterfaceOrientationLandscapeRight";
				INFOPLIST_KEY_UISupportedInterfaceOrientations_iPhone = "UIInterfaceOrientationPortrait UIInterfaceOrientationLandscapeLeft UIInterfaceOrientationLandscapeRight";
				IPHONEOS_DEPLOYMENT_TARGET = 14.0;
				LD_RUNPATH_SEARCH_PATHS = (
					"$(inherited)",
					"@executable_path/Frameworks",
				);
				MARKETING_VERSION = 1.0;
				PRODUCT_BUNDLE_IDENTIFIER = blessthedevil.Fit365Log;
				PRODUCT_NAME = "$(TARGET_NAME)";
				SUPPORTED_PLATFORMS = "iphoneos iphonesimulator";
				SUPPORTS_MACCATALYST = NO;
				SUPPORTS_MAC_DESIGNED_FOR_IPHONE_IPAD = NO;
				SUPPORTS_XR_DESIGNED_FOR_IPHONE_IPAD = NO;
				SWIFT_EMIT_LOC_STRINGS = YES;
				SWIFT_VERSION = 5.0;
				TARGETED_DEVICE_FAMILY = "1,2";
			};
			name = Release;
		};
/* End XCBuildConfiguration section */

/* Begin XCConfigurationList section */
		FC57E7082C64CEC200B4C2C5 /* Build configuration list for PBXProject "Fit365Log" */ = {
			isa = XCConfigurationList;
			buildConfigurations = (
				FC57E71E2C64CEC400B4C2C5 /* Debug */,
				FC57E71F2C64CEC400B4C2C5 /* Release */,
			);
			defaultConfigurationIsVisible = 0;
			defaultConfigurationName = Release;
		};
		FC57E7202C64CEC400B4C2C5 /* Build configuration list for PBXNativeTarget "Fit365Log" */ = {
			isa = XCConfigurationList;
			buildConfigurations = (
				FC57E7212C64CEC400B4C2C5 /* Debug */,
				FC57E7222C64CEC400B4C2C5 /* Release */,
			);
			defaultConfigurationIsVisible = 0;
			defaultConfigurationName = Release;
		};
/* End XCConfigurationList section */

/* Begin XCRemoteSwiftPackageReference section */
		FC78B9382C771E6C0044DEAE /* XCRemoteSwiftPackageReference "appmetrica-sdk-ios" */ = {
			isa = XCRemoteSwiftPackageReference;
			repositoryURL = "https://github.com/appmetrica/appmetrica-sdk-ios";
			requirement = {
				kind = upToNextMajorVersion;
				minimumVersion = 5.7.0;
			};
		};
/* End XCRemoteSwiftPackageReference section */

/* Begin XCSwiftPackageProductDependency section */
		FC78B9392C771E6C0044DEAE /* AppMetricaAdSupport */ = {
			isa = XCSwiftPackageProductDependency;
			package = FC78B9382C771E6C0044DEAE /* XCRemoteSwiftPackageReference "appmetrica-sdk-ios" */;
			productName = AppMetricaAdSupport;
		};
		FC78B93B2C771E6C0044DEAE /* AppMetricaCore */ = {
			isa = XCSwiftPackageProductDependency;
			package = FC78B9382C771E6C0044DEAE /* XCRemoteSwiftPackageReference "appmetrica-sdk-ios" */;
			productName = AppMetricaCore;
		};
		FC78B93D2C771E6C0044DEAE /* AppMetricaCrashes */ = {
			isa = XCSwiftPackageProductDependency;
			package = FC78B9382C771E6C0044DEAE /* XCRemoteSwiftPackageReference "appmetrica-sdk-ios" */;
			productName = AppMetricaCrashes;
		};
		FC78B93F2C771E6C0044DEAE /* AppMetricaWebKit */ = {
			isa = XCSwiftPackageProductDependency;
			package = FC78B9382C771E6C0044DEAE /* XCRemoteSwiftPackageReference "appmetrica-sdk-ios" */;
			productName = AppMetricaWebKit;
		};
/* End XCSwiftPackageProductDependency section */

/* Begin XCVersionGroup section */
		FC57E71B2C64CEC400B4C2C5 /* Fit365Log.xcdatamodeld */ = {
			isa = XCVersionGroup;
			children = (
				FC57E71C2C64CEC400B4C2C5 /* Fit365Log.xcdatamodel */,
			);
			currentVersion = FC57E71C2C64CEC400B4C2C5 /* Fit365Log.xcdatamodel */;
			path = Fit365Log.xcdatamodeld;
			sourceTree = "<group>";
			versionGroupType = wrapper.xcdatamodel;
		};
/* End XCVersionGroup section */
	};
	rootObject = FC57E7052C64CEC200B4C2C5 /* Project object */;
}
